
Microsoft Visual Studio Solution File, Format Version 12.00
# Visual Studio 15
VisualStudioVersion = 15.0.28307.902
MinimumVisualStudioVersion = 10.0.40219.1
Project("{FAE04EC0-301F-11D3-BF4B-00C04F79EFBC}") = "EricBach.CQRS", "EricBach.CQRS\EricBach.CQRS.csproj", "{F5D6C1CE-E082-4C6C-86E7-A2518BA5E432}"
EndProject
Global
	GlobalSection(SolutionConfigurationPlatforms) = preSolution
		Debug|Any CPU = Debug|Any CPU
		Release|Any CPU = Release|Any CPU
	EndGlobalSection
	GlobalSection(ProjectConfigurationPlatforms) = postSolution
		{F5D6C1CE-E082-4C6C-86E7-A2518BA5E432}.Debug|Any CPU.ActiveCfg = Debug|Any CPU
		{F5D6C1CE-E082-4C6C-86E7-A2518BA5E432}.Debug|Any CPU.Build.0 = Debug|Any CPU
		{F5D6C1CE-E082-4C6C-86E7-A2518BA5E432}.Release|Any CPU.ActiveCfg = Release|Any CPU
		{F5D6C1CE-E082-4C6C-86E7-A2518BA5E432}.Release|Any CPU.Build.0 = Release|Any CPU
	EndGlobalSection
	GlobalSection(SolutionProperties) = preSolution
		HideSolutionNode = FALSE
	EndGlobalSection
	GlobalSection(ExtensibilityGlobals) = postSolution
		SolutionGuid = {6EE8D825-B912-41EA-8161-F48815661885}
	EndGlobalSection
EndGlobal
